
Microsoft Visual Studio Solution File, Format Version 12.00
# Visual Studio Version 17
VisualStudioVersion = 17.6.33723.286
MinimumVisualStudioVersion = 10.0.40219.1
Project("{FAE04EC0-301F-11D3-BF4B-00C04F79EFBC}") = "CouchbaseAPI", "CouchbaseAPI\CouchbaseAPI.csproj", "{D09E9F1F-513E-4959-BA62-471D982E311B}"
EndProject
Project("{2150E333-8FDC-42A3-9474-1A3956D46DE8}") = "Core", "Core", "{ACE94A47-74FA-414D-AFCD-E5312AEB3D96}"
EndProject
Project("{FAE04EC0-301F-11D3-BF4B-00C04F79EFBC}") = "Cache", "Core\Cache\Cache.csproj", "{A4122891-B687-43C1-A7BB-706564C0F7FB}"
EndProject
Project("{FAE04EC0-301F-11D3-BF4B-00C04F79EFBC}") = "Document", "Core\Document\Document.csproj", "{040B0430-8480-4ADB-95D8-18EE81353259}"
EndProject
Global
	GlobalSection(SolutionConfigurationPlatforms) = preSolution
		Debug|Any CPU = Debug|Any CPU
		Release|Any CPU = Release|Any CPU
	EndGlobalSection
	GlobalSection(ProjectConfigurationPlatforms) = postSolution
		{D09E9F1F-513E-4959-BA62-471D982E311B}.Debug|Any CPU.ActiveCfg = Debug|Any CPU
		{D09E9F1F-513E-4959-BA62-471D982E311B}.Debug|Any CPU.Build.0 = Debug|Any CPU
		{D09E9F1F-513E-4959-BA62-471D982E311B}.Release|Any CPU.ActiveCfg = Release|Any CPU
		{D09E9F1F-513E-4959-BA62-471D982E311B}.Release|Any CPU.Build.0 = Release|Any CPU
		{A4122891-B687-43C1-A7BB-706564C0F7FB}.Debug|Any CPU.ActiveCfg = Debug|Any CPU
		{A4122891-B687-43C1-A7BB-706564C0F7FB}.Debug|Any CPU.Build.0 = Debug|Any CPU
		{A4122891-B687-43C1-A7BB-706564C0F7FB}.Release|Any CPU.ActiveCfg = Release|Any CPU
		{A4122891-B687-43C1-A7BB-706564C0F7FB}.Release|Any CPU.Build.0 = Release|Any CPU
		{040B0430-8480-4ADB-95D8-18EE81353259}.Debug|Any CPU.ActiveCfg = Debug|Any CPU
		{040B0430-8480-4ADB-95D8-18EE81353259}.Debug|Any CPU.Build.0 = Debug|Any CPU
		{040B0430-8480-4ADB-95D8-18EE81353259}.Release|Any CPU.ActiveCfg = Release|Any CPU
		{040B0430-8480-4ADB-95D8-18EE81353259}.Release|Any CPU.Build.0 = Release|Any CPU
	EndGlobalSection
	GlobalSection(SolutionProperties) = preSolution
		HideSolutionNode = FALSE
	EndGlobalSection
	GlobalSection(ExtensibilityGlobals) = postSolution
		SolutionGuid = {B69B1543-0012-40E4-A19A-4B5BDC8B1073}
	EndGlobalSection
	GlobalSection(NestedProjects) = preSolution
		{A4122891-B687-43C1-A7BB-706564C0F7FB} = {ACE94A47-74FA-414D-AFCD-E5312AEB3D96}
		{040B0430-8480-4ADB-95D8-18EE81353259} = {ACE94A47-74FA-414D-AFCD-E5312AEB3D96}
	EndGlobalSection
EndGlobal
